// !$*UTF8*$!
{
	archiveVersion = 1;
	classes = {
	};
	objectVersion = 50;
	objects = {

/* Begin PBXBuildFile section */
		4C3E77E2228ACFA6004DE96A /* AutoLayoutViewController.swift in Sources */ = {isa = PBXBuildFile; fileRef = 4C3E77E1228ACFA6004DE96A /* AutoLayoutViewController.swift */; };
		4C61E9D3226F151D00F95EA9 /* TransitionViewController.swift in Sources */ = {isa = PBXBuildFile; fileRef = 4C61E9D2226F151D00F95EA9 /* TransitionViewController.swift */; };
		4C61E9D5226F153C00F95EA9 /* KeyframeViewController.swift in Sources */ = {isa = PBXBuildFile; fileRef = 4C61E9D4226F153C00F95EA9 /* KeyframeViewController.swift */; };
		4C8900E72214300500ADB5C9 /* AppDelegate.swift in Sources */ = {isa = PBXBuildFile; fileRef = 4C8900E62214300500ADB5C9 /* AppDelegate.swift */; };
		4C8900E92214300500ADB5C9 /* SpringViewController.swift in Sources */ = {isa = PBXBuildFile; fileRef = 4C8900E82214300500ADB5C9 /* SpringViewController.swift */; };
		4C8900EC2214300500ADB5C9 /* Main.storyboard in Resources */ = {isa = PBXBuildFile; fileRef = 4C8900EA2214300500ADB5C9 /* Main.storyboard */; };
		4C8900EE2214300700ADB5C9 /* Assets.xcassets in Resources */ = {isa = PBXBuildFile; fileRef = 4C8900ED2214300700ADB5C9 /* Assets.xcassets */; };
		4C8900F12214300700ADB5C9 /* LaunchScreen.storyboard in Resources */ = {isa = PBXBuildFile; fileRef = 4C8900EF2214300700ADB5C9 /* LaunchScreen.storyboard */; };
		4CC04FF5227D97B0006084B9 /* KeyFrameTableRow.swift in Sources */ = {isa = PBXBuildFile; fileRef = 4CC04FF4227D97B0006084B9 /* KeyFrameTableRow.swift */; };
		4CCF726A22A12F0800DBF933 /* LayerAnimationTableViewCell.swift in Sources */ = {isa = PBXBuildFile; fileRef = 4CCF726922A12F0800DBF933 /* LayerAnimationTableViewCell.swift */; };
		4CCF727D22AFE16600DBF933 /* TransitionAnimationViewController.swift in Sources */ = {isa = PBXBuildFile; fileRef = 4CCF727C22AFE16600DBF933 /* TransitionAnimationViewController.swift */; };
		4CCF727F22AFE3D600DBF933 /* FadeInViewController.swift in Sources */ = {isa = PBXBuildFile; fileRef = 4CCF727E22AFE3D600DBF933 /* FadeInViewController.swift */; };
		4CCF728222AFEA0D00DBF933 /* PropertyAnimatorViewController.swift in Sources */ = {isa = PBXBuildFile; fileRef = 4CCF728122AFEA0D00DBF933 /* PropertyAnimatorViewController.swift */; };
		4CFD029B2296B0CE00F7898E /* LayerAnimationsViewController.swift in Sources */ = {isa = PBXBuildFile; fileRef = 4CFD029A2296B0CE00F7898E /* LayerAnimationsViewController.swift */; };
		57FB06634547BB07B07C46BA /* Pods_AnimationPreview.framework in Frameworks */ = {isa = PBXBuildFile; fileRef = 86D03C730C34DEBF0C8CF6BC /* Pods_AnimationPreview.framework */; };
/* End PBXBuildFile section */

/* Begin PBXFileReference section */
		3BAABAA0827D53726C3699C5 /* Pods-AnimationPreview.debug.xcconfig */ = {isa = PBXFileReference; includeInIndex = 1; lastKnownFileType = text.xcconfig; name = "Pods-AnimationPreview.debug.xcconfig"; path = "Pods/Target Support Files/Pods-AnimationPreview/Pods-AnimationPreview.debug.xcconfig"; sourceTree = "<group>"; };
		4C3E77E1228ACFA6004DE96A /* AutoLayoutViewController.swift */ = {isa = PBXFileReference; lastKnownFileType = sourcecode.swift; path = AutoLayoutViewController.swift; sourceTree = "<group>"; };
		4C61E9D2226F151D00F95EA9 /* TransitionViewController.swift */ = {isa = PBXFileReference; lastKnownFileType = sourcecode.swift; path = TransitionViewController.swift; sourceTree = "<group>"; };
		4C61E9D4226F153C00F95EA9 /* KeyframeViewController.swift */ = {isa = PBXFileReference; lastKnownFileType = sourcecode.swift; path = KeyframeViewController.swift; sourceTree = "<group>"; };
		4C8900E32214300500ADB5C9 /* AnimationPreview.app */ = {isa = PBXFileReference; explicitFileType = wrapper.application; includeInIndex = 0; path = AnimationPreview.app; sourceTree = BUILT_PRODUCTS_DIR; };
		4C8900E62214300500ADB5C9 /* AppDelegate.swift */ = {isa = PBXFileReference; lastKnownFileType = sourcecode.swift; path = AppDelegate.swift; sourceTree = "<group>"; };
		4C8900E82214300500ADB5C9 /* SpringViewController.swift */ = {isa = PBXFileReference; lastKnownFileType = sourcecode.swift; path = SpringViewController.swift; sourceTree = "<group>"; };
		4C8900EB2214300500ADB5C9 /* Base */ = {isa = PBXFileReference; lastKnownFileType = file.storyboard; name = Base; path = Base.lproj/Main.storyboard; sourceTree = "<group>"; };
		4C8900ED2214300700ADB5C9 /* Assets.xcassets */ = {isa = PBXFileReference; lastKnownFileType = folder.assetcatalog; path = Assets.xcassets; sourceTree = "<group>"; };
		4C8900F02214300700ADB5C9 /* Base */ = {isa = PBXFileReference; lastKnownFileType = file.storyboard; name = Base; path = Base.lproj/LaunchScreen.storyboard; sourceTree = "<group>"; };
		4C8900F22214300700ADB5C9 /* Info.plist */ = {isa = PBXFileReference; lastKnownFileType = text.plist.xml; path = Info.plist; sourceTree = "<group>"; };
		4CC04FF4227D97B0006084B9 /* KeyFrameTableRow.swift */ = {isa = PBXFileReference; lastKnownFileType = sourcecode.swift; path = KeyFrameTableRow.swift; sourceTree = "<group>"; };
		4CCF726922A12F0800DBF933 /* LayerAnimationTableViewCell.swift */ = {isa = PBXFileReference; lastKnownFileType = sourcecode.swift; path = LayerAnimationTableViewCell.swift; sourceTree = "<group>"; };
		4CCF727C22AFE16600DBF933 /* TransitionAnimationViewController.swift */ = {isa = PBXFileReference; lastKnownFileType = sourcecode.swift; path = TransitionAnimationViewController.swift; sourceTree = "<group>"; };
		4CCF727E22AFE3D600DBF933 /* FadeInViewController.swift */ = {isa = PBXFileReference; lastKnownFileType = sourcecode.swift; path = FadeInViewController.swift; sourceTree = "<group>"; };
		4CCF728122AFEA0D00DBF933 /* PropertyAnimatorViewController.swift */ = {isa = PBXFileReference; lastKnownFileType = sourcecode.swift; path = PropertyAnimatorViewController.swift; sourceTree = "<group>"; };
		4CFD029A2296B0CE00F7898E /* LayerAnimationsViewController.swift */ = {isa = PBXFileReference; lastKnownFileType = sourcecode.swift; path = LayerAnimationsViewController.swift; sourceTree = "<group>"; };
		82726D7C53879732CCEA0F3A /* Pods-AnimationPreview.release.xcconfig */ = {isa = PBXFileReference; includeInIndex = 1; lastKnownFileType = text.xcconfig; name = "Pods-AnimationPreview.release.xcconfig"; path = "Pods/Target Support Files/Pods-AnimationPreview/Pods-AnimationPreview.release.xcconfig"; sourceTree = "<group>"; };
		86D03C730C34DEBF0C8CF6BC /* Pods_AnimationPreview.framework */ = {isa = PBXFileReference; explicitFileType = wrapper.framework; includeInIndex = 0; path = Pods_AnimationPreview.framework; sourceTree = BUILT_PRODUCTS_DIR; };
/* End PBXFileReference section */

/* Begin PBXFrameworksBuildPhase section */
		4C8900E02214300500ADB5C9 /* Frameworks */ = {
			isa = PBXFrameworksBuildPhase;
			buildActionMask = 2147483647;
			files = (
				57FB06634547BB07B07C46BA /* Pods_AnimationPreview.framework in Frameworks */,
			);
			runOnlyForDeploymentPostprocessing = 0;
		};
/* End PBXFrameworksBuildPhase section */

/* Begin PBXGroup section */
		4C3E77E0228ACF77004DE96A /* Auto Layout */ = {
			isa = PBXGroup;
			children = (
				4C3E77E1228ACFA6004DE96A /* AutoLayoutViewController.swift */,
			);
			path = "Auto Layout";
			sourceTree = "<group>";
		};
		4C61E8C722671EA700F95EA9 /* View Animations */ = {
			isa = PBXGroup;
			children = (
				4C8900E82214300500ADB5C9 /* SpringViewController.swift */,
				4C61E9D2226F151D00F95EA9 /* TransitionViewController.swift */,
				4C61E9D4226F153C00F95EA9 /* KeyframeViewController.swift */,
				4CC04FF4227D97B0006084B9 /* KeyFrameTableRow.swift */,
			);
			path = "View Animations";
			sourceTree = "<group>";
		};
		4C61E8C822671EB900F95EA9 /* main */ = {
			isa = PBXGroup;
			children = (
				4C8900E62214300500ADB5C9 /* AppDelegate.swift */,
				4C8900F22214300700ADB5C9 /* Info.plist */,
			);
			path = main;
			sourceTree = "<group>";
		};
		4C61E8C922671ED300F95EA9 /* ui */ = {
			isa = PBXGroup;
			children = (
				4C8900EA2214300500ADB5C9 /* Main.storyboard */,
				4C8900ED2214300700ADB5C9 /* Assets.xcassets */,
				4C8900EF2214300700ADB5C9 /* LaunchScreen.storyboard */,
			);
			path = ui;
			sourceTree = "<group>";
		};
		4C8900DA2214300500ADB5C9 = {
			isa = PBXGroup;
			children = (
				4C8900E52214300500ADB5C9 /* AnimationPreview */,
				4C8900E42214300500ADB5C9 /* Products */,
				63866B5813D9803EDB01EE0C /* Pods */,
				9D90B6AAE428A118D66E37BE /* Frameworks */,
			);
			sourceTree = "<group>";
		};
		4C8900E42214300500ADB5C9 /* Products */ = {
			isa = PBXGroup;
			children = (
				4C8900E32214300500ADB5C9 /* AnimationPreview.app */,
			);
			name = Products;
			sourceTree = "<group>";
		};
		4C8900E52214300500ADB5C9 /* AnimationPreview */ = {
			isa = PBXGroup;
			children = (
				4C61E8C822671EB900F95EA9 /* main */,
				4C61E8C922671ED300F95EA9 /* ui */,
				4C61E8C722671EA700F95EA9 /* View Animations */,
				4C3E77E0228ACF77004DE96A /* Auto Layout */,
				4CFD02992296B09000F7898E /* Layer Animations */,
				4CCF727B22AFE13B00DBF933 /* View Controller Transition Animations */,
				4CCF728022AFE9D900DBF933 /* PropertyAnimator */,
			);
			path = AnimationPreview;
			sourceTree = "<group>";
		};
		4CCF727B22AFE13B00DBF933 /* View Controller Transition Animations */ = {
			isa = PBXGroup;
			children = (
				4CCF727C22AFE16600DBF933 /* TransitionAnimationViewController.swift */,
				4CCF727E22AFE3D600DBF933 /* FadeInViewController.swift */,
			);
			path = "View Controller Transition Animations";
			sourceTree = "<group>";
		};
		4CCF728022AFE9D900DBF933 /* PropertyAnimator */ = {
			isa = PBXGroup;
			children = (
				4CCF728122AFEA0D00DBF933 /* PropertyAnimatorViewController.swift */,
			);
			path = PropertyAnimator;
			sourceTree = "<group>";
		};
		4CFD02992296B09000F7898E /* Layer Animations */ = {
			isa = PBXGroup;
			children = (
				4CFD029A2296B0CE00F7898E /* LayerAnimationsViewController.swift */,
				4CCF726922A12F0800DBF933 /* LayerAnimationTableViewCell.swift */,
			);
			path = "Layer Animations";
			sourceTree = "<group>";
		};
		63866B5813D9803EDB01EE0C /* Pods */ = {
			isa = PBXGroup;
			children = (
				3BAABAA0827D53726C3699C5 /* Pods-AnimationPreview.debug.xcconfig */,
				82726D7C53879732CCEA0F3A /* Pods-AnimationPreview.release.xcconfig */,
			);
			name = Pods;
			sourceTree = "<group>";
		};
		9D90B6AAE428A118D66E37BE /* Frameworks */ = {
			isa = PBXGroup;
			children = (
				86D03C730C34DEBF0C8CF6BC /* Pods_AnimationPreview.framework */,
			);
			name = Frameworks;
			sourceTree = "<group>";
		};
/* End PBXGroup section */

/* Begin PBXNativeTarget section */
		4C8900E22214300500ADB5C9 /* AnimationPreview */ = {
			isa = PBXNativeTarget;
			buildConfigurationList = 4C8900F52214300700ADB5C9 /* Build configuration list for PBXNativeTarget "AnimationPreview" */;
			buildPhases = (
				A67E24EEDCB4268296472435 /* [CP] Check Pods Manifest.lock */,
				4C8900DF2214300500ADB5C9 /* Sources */,
				4C8900E02214300500ADB5C9 /* Frameworks */,
				4C8900E12214300500ADB5C9 /* Resources */,
				157FA00E23162D308B488ECF /* [CP] Embed Pods Frameworks */,
			);
			buildRules = (
			);
			dependencies = (
			);
			name = AnimationPreview;
			productName = SpringAnimation;
			productReference = 4C8900E32214300500ADB5C9 /* AnimationPreview.app */;
			productType = "com.apple.product-type.application";
		};
/* End PBXNativeTarget section */

/* Begin PBXProject section */
		4C8900DB2214300500ADB5C9 /* Project object */ = {
			isa = PBXProject;
			attributes = {
				LastSwiftUpdateCheck = 1010;
				LastUpgradeCheck = 1010;
				ORGANIZATIONNAME = charland;
				TargetAttributes = {
					4C8900E22214300500ADB5C9 = {
						CreatedOnToolsVersion = 10.1;
						LastSwiftMigration = 1020;
					};
				};
			};
			buildConfigurationList = 4C8900DE2214300500ADB5C9 /* Build configuration list for PBXProject "AnimationPreview" */;
			compatibilityVersion = "Xcode 9.3";
			developmentRegion = en;
			hasScannedForEncodings = 0;
			knownRegions = (
				en,
				Base,
			);
			mainGroup = 4C8900DA2214300500ADB5C9;
			productRefGroup = 4C8900E42214300500ADB5C9 /* Products */;
			projectDirPath = "";
			projectRoot = "";
			targets = (
				4C8900E22214300500ADB5C9 /* AnimationPreview */,
			);
		};
/* End PBXProject section */

/* Begin PBXResourcesBuildPhase section */
		4C8900E12214300500ADB5C9 /* Resources */ = {
			isa = PBXResourcesBuildPhase;
			buildActionMask = 2147483647;
			files = (
				4C8900EE2214300700ADB5C9 /* Assets.xcassets in Resources */,
				4C8900F12214300700ADB5C9 /* LaunchScreen.storyboard in Resources */,
				4C8900EC2214300500ADB5C9 /* Main.storyboard in Resources */,
			);
			runOnlyForDeploymentPostprocessing = 0;
		};
/* End PBXResourcesBuildPhase section */

/* Begin PBXShellScriptBuildPhase section */
		157FA00E23162D308B488ECF /* [CP] Embed Pods Frameworks */ = {
			isa = PBXShellScriptBuildPhase;
			buildActionMask = 2147483647;
			files = (
			);
			inputFileListPaths = (
			);
			inputPaths = (
				"${SRCROOT}/Pods/Target Support Files/Pods-AnimationPreview/Pods-AnimationPreview-frameworks.sh",
				"${BUILT_PRODUCTS_DIR}/TTTAttributedLabel/TTTAttributedLabel.framework",
			);
			name = "[CP] Embed Pods Frameworks";
			outputFileListPaths = (
			);
			outputPaths = (
				"${TARGET_BUILD_DIR}/${FRAMEWORKS_FOLDER_PATH}/TTTAttributedLabel.framework",
			);
			runOnlyForDeploymentPostprocessing = 0;
			shellPath = /bin/sh;
			shellScript = "\"${SRCROOT}/Pods/Target Support Files/Pods-AnimationPreview/Pods-AnimationPreview-frameworks.sh\"\n";
			showEnvVarsInLog = 0;
		};
		A67E24EEDCB4268296472435 /* [CP] Check Pods Manifest.lock */ = {
			isa = PBXShellScriptBuildPhase;
			buildActionMask = 2147483647;
			files = (
			);
			inputFileListPaths = (
			);
			inputPaths = (
				"${PODS_PODFILE_DIR_PATH}/Podfile.lock",
				"${PODS_ROOT}/Manifest.lock",
			);
			name = "[CP] Check Pods Manifest.lock";
			outputFileListPaths = (
			);
			outputPaths = (
				"$(DERIVED_FILE_DIR)/Pods-AnimationPreview-checkManifestLockResult.txt",
			);
			runOnlyForDeploymentPostprocessing = 0;
			shellPath = /bin/sh;
			shellScript = "diff \"${PODS_PODFILE_DIR_PATH}/Podfile.lock\" \"${PODS_ROOT}/Manifest.lock\" > /dev/null\nif [ $? != 0 ] ; then\n    # print error to STDERR\n    echo \"error: The sandbox is not in sync with the Podfile.lock. Run 'pod install' or update your CocoaPods installation.\" >&2\n    exit 1\nfi\n# This output is used by Xcode 'outputs' to avoid re-running this script phase.\necho \"SUCCESS\" > \"${SCRIPT_OUTPUT_FILE_0}\"\n";
			showEnvVarsInLog = 0;
		};
/* End PBXShellScriptBuildPhase section */

/* Begin PBXSourcesBuildPhase section */
		4C8900DF2214300500ADB5C9 /* Sources */ = {
			isa = PBXSourcesBuildPhase;
			buildActionMask = 2147483647;
			files = (
				4CCF727D22AFE16600DBF933 /* TransitionAnimationViewController.swift in Sources */,
				4CCF727F22AFE3D600DBF933 /* FadeInViewController.swift in Sources */,
				4CC04FF5227D97B0006084B9 /* KeyFrameTableRow.swift in Sources */,
				4C8900E92214300500ADB5C9 /* SpringViewController.swift in Sources */,
				4CCF728222AFEA0D00DBF933 /* PropertyAnimatorViewController.swift in Sources */,
				4C61E9D3226F151D00F95EA9 /* TransitionViewController.swift in Sources */,
				4C61E9D5226F153C00F95EA9 /* KeyframeViewController.swift in Sources */,
				4CCF726A22A12F0800DBF933 /* LayerAnimationTableViewCell.swift in Sources */,
				4CFD029B2296B0CE00F7898E /* LayerAnimationsViewController.swift in Sources */,
				4C8900E72214300500ADB5C9 /* AppDelegate.swift in Sources */,
				4C3E77E2228ACFA6004DE96A /* AutoLayoutViewController.swift in Sources */,
			);
			runOnlyForDeploymentPostprocessing = 0;
		};
/* End PBXSourcesBuildPhase section */

/* Begin PBXVariantGroup section */
		4C8900EA2214300500ADB5C9 /* Main.storyboard */ = {
			isa = PBXVariantGroup;
			children = (
				4C8900EB2214300500ADB5C9 /* Base */,
			);
			name = Main.storyboard;
			sourceTree = "<group>";
		};
		4C8900EF2214300700ADB5C9 /* LaunchScreen.storyboard */ = {
			isa = PBXVariantGroup;
			children = (
				4C8900F02214300700ADB5C9 /* Base */,
			);
			name = LaunchScreen.storyboard;
			sourceTree = "<group>";
		};
/* End PBXVariantGroup section */

/* Begin XCBuildConfiguration section */
		4C8900F32214300700ADB5C9 /* Debug */ = {
			isa = XCBuildConfiguration;
			buildSettings = {
				ALWAYS_SEARCH_USER_PATHS = NO;
				CLANG_ANALYZER_NONNULL = YES;
				CLANG_ANALYZER_NUMBER_OBJECT_CONVERSION = YES_AGGRESSIVE;
				CLANG_CXX_LANGUAGE_STANDARD = "gnu++14";
				CLANG_CXX_LIBRARY = "libc++";
				CLANG_ENABLE_MODULES = YES;
				CLANG_ENABLE_OBJC_ARC = YES;
				CLANG_ENABLE_OBJC_WEAK = YES;
				CLANG_WARN_BLOCK_CAPTURE_AUTORELEASING = YES;
				CLANG_WARN_BOOL_CONVERSION = YES;
				CLANG_WARN_COMMA = YES;
				CLANG_WARN_CONSTANT_CONVERSION = YES;
				CLANG_WARN_DEPRECATED_OBJC_IMPLEMENTATIONS = YES;
				CLANG_WARN_DIRECT_OBJC_ISA_USAGE = YES_ERROR;
				CLANG_WARN_DOCUMENTATION_COMMENTS = YES;
				CLANG_WARN_EMPTY_BODY = YES;
				CLANG_WARN_ENUM_CONVERSION = YES;
				CLANG_WARN_INFINITE_RECURSION = YES;
				CLANG_WARN_INT_CONVERSION = YES;
				CLANG_WARN_NON_LITERAL_NULL_CONVERSION = YES;
				CLANG_WARN_OBJC_IMPLICIT_RETAIN_SELF = YES;
				CLANG_WARN_OBJC_LITERAL_CONVERSION = YES;
				CLANG_WARN_OBJC_ROOT_CLASS = YES_ERROR;
				CLANG_WARN_RANGE_LOOP_ANALYSIS = YES;
				CLANG_WARN_STRICT_PROTOTYPES = YES;
				CLANG_WARN_SUSPICIOUS_MOVE = YES;
				CLANG_WARN_UNGUARDED_AVAILABILITY = YES_AGGRESSIVE;
				CLANG_WARN_UNREACHABLE_CODE = YES;
				CLANG_WARN__DUPLICATE_METHOD_MATCH = YES;
				CODE_SIGN_IDENTITY = "iPhone Developer";
				COPY_PHASE_STRIP = NO;
				DEBUG_INFORMATION_FORMAT = dwarf;
				ENABLE_STRICT_OBJC_MSGSEND = YES;
				ENABLE_TESTABILITY = YES;
				GCC_C_LANGUAGE_STANDARD = gnu11;
				GCC_DYNAMIC_NO_PIC = NO;
				GCC_NO_COMMON_BLOCKS = YES;
				GCC_OPTIMIZATION_LEVEL = 0;
				GCC_PREPROCESSOR_DEFINITIONS = (
					"DEBUG=1",
					"$(inherited)",
				);
				GCC_WARN_64_TO_32_BIT_CONVERSION = YES;
				GCC_WARN_ABOUT_RETURN_TYPE = YES_ERROR;
				GCC_WARN_UNDECLARED_SELECTOR = YES;
				GCC_WARN_UNINITIALIZED_AUTOS = YES_AGGRESSIVE;
				GCC_WARN_UNUSED_FUNCTION = YES;
				GCC_WARN_UNUSED_VARIABLE = YES;
				IPHONEOS_DEPLOYMENT_TARGET = 12.1;
				MTL_ENABLE_DEBUG_INFO = INCLUDE_SOURCE;
				MTL_FAST_MATH = YES;
				ONLY_ACTIVE_ARCH = YES;
				SDKROOT = iphoneos;
				SWIFT_ACTIVE_COMPILATION_CONDITIONS = DEBUG;
				SWIFT_OPTIMIZATION_LEVEL = "-Onone";
			};
			name = Debug;
		};
		4C8900F42214300700ADB5C9 /* Release */ = {
			isa = XCBuildConfiguration;
			buildSettings = {
				ALWAYS_SEARCH_USER_PATHS = NO;
				CLANG_ANALYZER_NONNULL = YES;
				CLANG_ANALYZER_NUMBER_OBJECT_CONVERSION = YES_AGGRESSIVE;
				CLANG_CXX_LANGUAGE_STANDARD = "gnu++14";
				CLANG_CXX_LIBRARY = "libc++";
				CLANG_ENABLE_MODULES = YES;
				CLANG_ENABLE_OBJC_ARC = YES;
				CLANG_ENABLE_OBJC_WEAK = YES;
				CLANG_WARN_BLOCK_CAPTURE_AUTORELEASING = YES;
				CLANG_WARN_BOOL_CONVERSION = YES;
				CLANG_WARN_COMMA = YES;
				CLANG_WARN_CONSTANT_CONVERSION = YES;
				CLANG_WARN_DEPRECATED_OBJC_IMPLEMENTATIONS = YES;
				CLANG_WARN_DIRECT_OBJC_ISA_USAGE = YES_ERROR;
				CLANG_WARN_DOCUMENTATION_COMMENTS = YES;
				CLANG_WARN_EMPTY_BODY = YES;
				CLANG_WARN_ENUM_CONVERSION = YES;
				CLANG_WARN_INFINITE_RECURSION = YES;
				CLANG_WARN_INT_CONVERSION = YES;
				CLANG_WARN_NON_LITERAL_NULL_CONVERSION = YES;
				CLANG_WARN_OBJC_IMPLICIT_RETAIN_SELF = YES;
				CLANG_WARN_OBJC_LITERAL_CONVERSION = YES;
				CLANG_WARN_OBJC_ROOT_CLASS = YES_ERROR;
				CLANG_WARN_RANGE_LOOP_ANALYSIS = YES;
				CLANG_WARN_STRICT_PROTOTYPES = YES;
				CLANG_WARN_SUSPICIOUS_MOVE = YES;
				CLANG_WARN_UNGUARDED_AVAILABILITY = YES_AGGRESSIVE;
				CLANG_WARN_UNREACHABLE_CODE = YES;
				CLANG_WARN__DUPLICATE_METHOD_MATCH = YES;
				CODE_SIGN_IDENTITY = "iPhone Developer";
				COPY_PHASE_STRIP = NO;
				DEBUG_INFORMATION_FORMAT = "dwarf-with-dsym";
				ENABLE_NS_ASSERTIONS = NO;
				ENABLE_STRICT_OBJC_MSGSEND = YES;
				GCC_C_LANGUAGE_STANDARD = gnu11;
				GCC_NO_COMMON_BLOCKS = YES;
				GCC_WARN_64_TO_32_BIT_CONVERSION = YES;
				GCC_WARN_ABOUT_RETURN_TYPE = YES_ERROR;
				GCC_WARN_UNDECLARED_SELECTOR = YES;
				GCC_WARN_UNINITIALIZED_AUTOS = YES_AGGRESSIVE;
				GCC_WARN_UNUSED_FUNCTION = YES;
				GCC_WARN_UNUSED_VARIABLE = YES;
				IPHONEOS_DEPLOYMENT_TARGET = 12.1;
				MTL_ENABLE_DEBUG_INFO = NO;
				MTL_FAST_MATH = YES;
				SDKROOT = iphoneos;
				SWIFT_COMPILATION_MODE = wholemodule;
				SWIFT_OPTIMIZATION_LEVEL = "-O";
				VALIDATE_PRODUCT = YES;
			};
			name = Release;
		};
		4C8900F62214300700ADB5C9 /* Debug */ = {
			isa = XCBuildConfiguration;
			baseConfigurationReference = 3BAABAA0827D53726C3699C5 /* Pods-AnimationPreview.debug.xcconfig */;
			buildSettings = {
				ASSETCATALOG_COMPILER_APPICON_NAME = AppIcon;
				CODE_SIGN_STYLE = Automatic;
				DEVELOPMENT_TEAM = CY96495443;
				INFOPLIST_FILE = AnimationPreview/main/Info.plist;
				LD_RUNPATH_SEARCH_PATHS = (
					"$(inherited)",
					"@executable_path/Frameworks",
				);
				PRODUCT_BUNDLE_IDENTIFIER = ca.charland.AnimationPreview;
				PRODUCT_NAME = "$(TARGET_NAME)";
				SWIFT_VERSION = 5.0;
				TARGETED_DEVICE_FAMILY = "1,2";
			};
			name = Debug;
		};
		4C8900F72214300700ADB5C9 /* Release */ = {
			isa = XCBuildConfiguration;
			baseConfigurationReference = 82726D7C53879732CCEA0F3A /* Pods-AnimationPreview.release.xcconfig */;
			buildSettings = {
				ASSETCATALOG_COMPILER_APPICON_NAME = AppIcon;
				CODE_SIGN_STYLE = Automatic;
				DEVELOPMENT_TEAM = CY96495443;
				INFOPLIST_FILE = AnimationPreview/main/Info.plist;
				LD_RUNPATH_SEARCH_PATHS = (
					"$(inherited)",
					"@executable_path/Frameworks",
				);
				PRODUCT_BUNDLE_IDENTIFIER = ca.charland.AnimationPreview;
				PRODUCT_NAME = "$(TARGET_NAME)";
				SWIFT_VERSION = 5.0;
				TARGETED_DEVICE_FAMILY = "1,2";
			};
			name = Release;
		};
/* End XCBuildConfiguration section */

/* Begin XCConfigurationList section */
		4C8900DE2214300500ADB5C9 /* Build configuration list for PBXProject "AnimationPreview" */ = {
			isa = XCConfigurationList;
			buildConfigurations = (
				4C8900F32214300700ADB5C9 /* Debug */,
				4C8900F42214300700ADB5C9 /* Release */,
			);
			defaultConfigurationIsVisible = 0;
			defaultConfigurationName = Release;
		};
		4C8900F52214300700ADB5C9 /* Build configuration list for PBXNativeTarget "AnimationPreview" */ = {
			isa = XCConfigurationList;
			buildConfigurations = (
				4C8900F62214300700ADB5C9 /* Debug */,
				4C8900F72214300700ADB5C9 /* Release */,
			);
			defaultConfigurationIsVisible = 0;
			defaultConfigurationName = Release;
		};
/* End XCConfigurationList section */
	};
	rootObject = 4C8900DB2214300500ADB5C9 /* Project object */;
}
