PODS:
  - TTTAttributedLabel (2.0.0)

DEPENDENCIES:
  - TTTAttributedLabel

SPEC REPOS:
  https://github.com/cocoapods/specs.git:
    - TTTAttributedLabel

SPEC CHECKSUMS:
  TTTAttributedLabel: 8cffe8e127e4e82ff3af1e5386d4cd0ad000b656

PODFILE CHECKSUM: 925f8658e3cfc69be59db7a87c56a69d0a807b0c

COCOAPODS: 1.5.3
